
Microsoft Visual Studio Solution File, Format Version 12.00
# Visual Studio 2012
Project("{FAE04EC0-301F-11D3-BF4B-00C04F79EFBC}") = "Todo", "Todo\Todo.csproj", "{B17FB750-1F49-48A9-8D7B-C8A55C1C5614}"
EndProject
Global
	GlobalSection(SolutionConfigurationPlatforms) = preSolution
		Debug|Any CPU = Debug|Any CPU
		Release|Any CPU = Release|Any CPU
	EndGlobalSection
	GlobalSection(ProjectConfigurationPlatforms) = postSolution
		{B17FB750-1F49-48A9-8D7B-C8A55C1C5614}.Debug|Any CPU.ActiveCfg = Debug|Any CPU
		{B17FB750-1F49-48A9-8D7B-C8A55C1C5614}.Debug|Any CPU.Build.0 = Debug|Any CPU
		{B17FB750-1F49-48A9-8D7B-C8A55C1C5614}.Release|Any CPU.ActiveCfg = Release|Any CPU
		{B17FB750-1F49-48A9-8D7B-C8A55C1C5614}.Release|Any CPU.Build.0 = Release|Any CPU
	EndGlobalSection
EndGlobal
